{
    "_readme": [
        "This file locks the dependencies of your project to a known state",
        "Read more about it at https://getcomposer.org/doc/01-basic-usage.md#installing-dependencies",
        "This file is @generated automatically"
    ],
    "content-hash": "c9ef6d75a29a1a451930685188940f40",
    "packages": [
        {
            "name": "cijic/phpmorphy",
            "version": "0.3.0",
            "source": {
                "type": "git",
                "url": "https://github.com/cijic/phpmorphy.git",
                "reference": "093da0bcdfe51296fff9df3a62e05313caa049d7"
            },
            "dist": {
                "type": "zip",
                "url": "https://api.github.com/repos/cijic/phpmorphy/zipball/093da0bcdfe51296fff9df3a62e05313caa049d7",
                "reference": "093da0bcdfe51296fff9df3a62e05313caa049d7",
                "shasum": ""
            },
            "require": {
                "php": ">=5.3.0"
            },
            "type": "library",
            "autoload": {
                "classmap": [
                    "libs/phpmorphy/src/common.php",
                    "libs/phpmorphy/src/"
                ],
                "psr-4": {
                    "cijic\\phpMorphy\\": "src"
                }
            },
            "notification-url": "https://packagist.org/downloads/",
            "license": [
                "MIT"
            ],
            "authors": [
                {
                    "name": "Chiril Teterea",
                    "role": "Developer",
                    "email": "altcode@ya.ru"
                }
            ],
            "description": "phpMorphy - morphological analyzer library for Russisan, English languages.",
            "homepage": "https://github.com/cijic/phpmorphy",
            "keywords": [
                "phpmorphy"
            ],
            "time": "2015-09-19T11:27:14+00:00"
        },
        {
            "name": "electrolinux/phpquery",
            "version": "0.9.6",
            "source": {
                "type": "git",
                "url": "https://github.com/electrolinux/phpquery.git",
                "reference": "6cb8afcfe8cd4ce45f2f8c27d561383037c27a3a"
            },
            "dist": {
                "type": "zip",
                "url": "https://api.github.com/repos/electrolinux/phpquery/zipball/6cb8afcfe8cd4ce45f2f8c27d561383037c27a3a",
                "reference": "6cb8afcfe8cd4ce45f2f8c27d561383037c27a3a",
                "shasum": ""
            },
            "type": "library",
            "autoload": {
                "classmap": [
                    "phpQuery/"
                ]
            },
            "notification-url": "https://packagist.org/downloads/",
            "license": [
                "MIT"
            ],
            "authors": [
                {
                    "name": "Tobiasz Cudnik",
                    "role": "Developer",
                    "email": "tobiasz.cudnik@gmail.com",
                    "homepage": "https://github.com/TobiaszCudnik"
                },
                {
                    "name": "didier Belot",
                    "role": "Packager"
                }
            ],
            "description": "phpQuery is a server-side, chainable, CSS3 selector driven Document Object Model (DOM) API based on jQuery JavaScript Library",
            "homepage": "http://code.google.com/p/phpquery/",
            "time": "2013-03-21T12:39:33+00:00"
        },
        {
            "name": "gabordemooij/redbean",
            "version": "v5.3.1",
            "source": {
                "type": "git",
                "url": "https://github.com/gabordemooij/redbean.git",
                "reference": "661ac9eadb9e3548cf5d52ed5c3ba6603b2f4b5c"
            },
            "dist": {
                "type": "zip",
                "url": "https://api.github.com/repos/gabordemooij/redbean/zipball/661ac9eadb9e3548cf5d52ed5c3ba6603b2f4b5c",
                "reference": "661ac9eadb9e3548cf5d52ed5c3ba6603b2f4b5c",
                "shasum": ""
            },
            "require": {
                "php": ">=5.3.4"
            },
            "type": "library",
            "autoload": {
                "psr-4": {
                    "RedBeanPHP\\": "RedBeanPHP"
                }
            },
            "notification-url": "https://packagist.org/downloads/",
            "license": [
                "BSD-3-Clause"
            ],
            "authors": [
                {
                    "name": "Gabor de Mooij",
                    "email": "gabor@redbeanphp.com",
                    "homepage": "https://redbeanphp.com"
                }
            ],
            "description": "RedBeanPHP ORM",
            "homepage": "https://redbeanphp.com/",
            "keywords": [
                "orm"
            ],
            "time": "2019-05-28T17:17:07+00:00"
        },
        {
            "name": "pda/pheanstalk",
            "version": "v4.0.0",
            "source": {
                "type": "git",
                "url": "https://github.com/pheanstalk/pheanstalk.git",
                "reference": "328708b2cb843c214579a9ac3d1730c074038d6a"
            },
            "dist": {
                "type": "zip",
                "url": "https://api.github.com/repos/pheanstalk/pheanstalk/zipball/328708b2cb843c214579a9ac3d1730c074038d6a",
                "reference": "328708b2cb843c214579a9ac3d1730c074038d6a",
                "shasum": ""
            },
            "require": {
                "ext-mbstring": "*",
                "php": ">=7.1.0"
            },
            "require-dev": {
                "phpdocumentor/phpdocumentor": "^2",
                "phpunit/phpunit": "^7",
                "vimeo/psalm": "^2.0"
            },
            "type": "library",
            "autoload": {
                "psr-4": {
                    "Pheanstalk\\": "src/"
                }
            },
            "notification-url": "https://packagist.org/downloads/",
            "license": [
                "MIT"
            ],
            "authors": [
                {
                    "name": "Paul Annesley",
                    "role": "Developer",
                    "email": "paul@annesley.cc",
                    "homepage": "http://paul.annesley.cc/"
                },
                {
                    "name": "Sam Mousa",
                    "role": "Maintainer",
                    "email": "sam@mousa.nl"
                }
            ],
            "description": "PHP client for beanstalkd queue",
            "homepage": "https://github.com/pda/pheanstalk",
            "keywords": [
                "beanstalkd"
            ],
            "time": "2019-01-19T15:11:35+00:00"
        }
    ],
    "packages-dev": [],
    "aliases": [],
    "minimum-stability": "stable",
    "stability-flags": [],
    "prefer-stable": false,
    "prefer-lowest": false,
    "platform": {
        "ext-json": "*",
        "ext-mysqli": "*",
        "ext-curl": "*"
    },
    "platform-dev": []
}
